
Microsoft Visual Studio Solution File, Format Version 12.00
# Visual Studio Version 17
VisualStudioVersion = 17.2.32630.192
MinimumVisualStudioVersion = 10.0.40219.1
Project("{FAE04EC0-301F-11D3-BF4B-00C04F79EFBC}") = "CommonLib", "CommonLib\CommonLib.csproj", "{A387740F-C4F9-44F3-AFA8-0B55EA4487FA}"
EndProject
Project("{FAE04EC0-301F-11D3-BF4B-00C04F79EFBC}") = "GeometryLib", "GeometryLib\GeometryLib.csproj", "{CB805006-1B1B-412B-9FDE-4C8E8AD7CE13}"
EndProject
Project("{FAE04EC0-301F-11D3-BF4B-00C04F79EFBC}") = "MemLogLib", "MemLogLib\MemLogLib.csproj", "{4D84C29A-57F3-44D0-9520-0294DC35763E}"
EndProject
Project("{2150E333-8FDC-42A3-9474-1A3956D46DE8}") = "Mesh", "Mesh", "{E191458F-D24A-4C05-A691-3B56BFDAD642}"
EndProject
Project("{FAE04EC0-301F-11D3-BF4B-00C04F79EFBC}") = "MeshLib", "Mesh\MeshLib\MeshLib.csproj", "{B8062E08-76AC-4EC2-A7AA-2D7A4C601351}"
EndProject
Project("{FAE04EC0-301F-11D3-BF4B-00C04F79EFBC}") = "MeshAdapterLib", "Mesh\MeshAdapterLib\MeshAdapterLib.csproj", "{2E2053D5-A41D-487F-8B7B-12F8673EDF65}"
EndProject
Project("{2150E333-8FDC-42A3-9474-1A3956D46DE8}") = "_ExternalLibraries", "_ExternalLibraries", "{0262F735-553A-490C-929E-C2BF3B6C29C7}"
EndProject
Project("{FAE04EC0-301F-11D3-BF4B-00C04F79EFBC}") = "InterpolationLib", "_ExternalLibraries\InterpolationLib\InterpolationLib.csproj", "{0D7AA6FB-B70D-4FF1-9A05-12E3DD485AC4}"
EndProject
Project("{2150E333-8FDC-42A3-9474-1A3956D46DE8}") = "Triangle.NET", "Triangle.NET", "{172AAD6F-CD9D-4D04-8739-D4588991BA34}"
EndProject
Project("{FAE04EC0-301F-11D3-BF4B-00C04F79EFBC}") = "Triangle.Rendering", "_ExternalLibraries\Triangle.NET\Triangle.Rendering\Triangle.Rendering.csproj", "{41022E0E-BD0F-439E-BC3A-AABB1B43471B}"
EndProject
Project("{FAE04EC0-301F-11D3-BF4B-00C04F79EFBC}") = "Triangle", "_ExternalLibraries\Triangle.NET\Triangle\Triangle.csproj", "{AD37DA98-33B1-448E-9104-6E77B61E84F3}"
EndProject
Project("{FAE04EC0-301F-11D3-BF4B-00C04F79EFBC}") = "Mesh Explorer", "_ExternalLibraries\Triangle.NET\TestApp\Mesh Explorer.csproj", "{336AAF8A-5316-4303-9E73-5E38BD0B28AF}"
EndProject
Project("{FAE04EC0-301F-11D3-BF4B-00C04F79EFBC}") = "TriMeshGeneratorLib", "Mesh\TriMeshGeneratorLib\TriMeshGeneratorLib.csproj", "{EC2D084D-90D5-4076-BE3B-FC4BE0468AC3}"
EndProject
Project("{2150E333-8FDC-42A3-9474-1A3956D46DE8}") = "Cloo", "Cloo", "{33346A76-74E6-42D4-82A6-2436AF9ADE16}"
EndProject
Project("{2150E333-8FDC-42A3-9474-1A3956D46DE8}") = "GEdit", "GEdit", "{E783DEED-743F-4A0F-8BEB-3BB144651016}"
EndProject
Project("{9A19103F-16F7-4668-BE54-9A1E7A4F7556}") = "ClootilsNetCore", "_ExternalLibraries\Cloo\ClootilsNetCore\ClootilsNetCore.csproj", "{4B247C36-AE82-436E-B36B-5337A75BB758}"
EndProject
Project("{9A19103F-16F7-4668-BE54-9A1E7A4F7556}") = "Cloo", "_ExternalLibraries\Cloo\Cloo\Cloo.csproj", "{48885E8C-19EB-4408-8A06-3792586EF500}"
EndProject
Project("{9A19103F-16F7-4668-BE54-9A1E7A4F7556}") = "ClootilsNetCoreUI", "_ExternalLibraries\Cloo\ClootilsNetCoreUI\ClootilsNetCoreUI.csproj", "{FBE96176-C491-46B8-82C7-A4630B43A080}"
EndProject
Project("{9A19103F-16F7-4668-BE54-9A1E7A4F7556}") = "ClootilsNetFull", "_ExternalLibraries\Cloo\ClootilsNetFull\ClootilsNetFull.csproj", "{A1B34F19-EFE0-482B-B92C-7C699FF27799}"
EndProject
Project("{FAE04EC0-301F-11D3-BF4B-00C04F79EFBC}") = "EditLib", "_ExternalLibraries\GEdit\EditLib\EditLib.csproj", "{76AD3644-CA80-464A-85CE-D91372D05932}"
EndProject
Project("{FAE04EC0-301F-11D3-BF4B-00C04F79EFBC}") = "TEdit", "_ExternalLibraries\GEdit\TEdit\TEdit.csproj", "{E56075DE-6BC7-4FC5-8354-8ADEE1D3F8A0}"
EndProject
Project("{FAE04EC0-301F-11D3-BF4B-00C04F79EFBC}") = "SimpleEditor", "_ExternalLibraries\GEdit\SimpleEditor\SimpleEditor.csproj", "{A7D773F8-AEE5-4011-9292-6DE58BDC448D}"
EndProject
Project("{FAE04EC0-301F-11D3-BF4B-00C04F79EFBC}") = "RenderLib", "RenderLib\RenderLib.csproj", "{3330D65D-E283-47A3-B43C-CE8C4EB2B201}"
EndProject
Project("{2150E333-8FDC-42A3-9474-1A3956D46DE8}") = "RiverDataBase", "RiverDataBase", "{CCD648B7-9E61-4F4C-BB93-15D3E2A1382C}"
EndProject
Project("{FAE04EC0-301F-11D3-BF4B-00C04F79EFBC}") = "ConnectLib", "RiverDataBase\ConnectLib\ConnectLib.csproj", "{61C636B0-6531-4A16-A8C8-71B2640ADB19}"
EndProject
Project("{FAE04EC0-301F-11D3-BF4B-00C04F79EFBC}") = "RiverDB", "RiverDataBase\RiverDB\RiverDB.csproj", "{754D1A25-333C-4BE5-B275-60B22F3E3CB8}"
EndProject
Project("{2150E333-8FDC-42A3-9474-1A3956D46DE8}") = "AllViewers", "AllViewers", "{EA6B3C39-29A7-4E64-9EA0-59E6A853E411}"
EndProject
Project("{9A19103F-16F7-4668-BE54-9A1E7A4F7556}") = "OpenTK.WinForms", "AllViewers\GLControl\OpenTK.WinForms.csproj", "{F7186C61-3566-4A8E-BD73-C8530EBB0471}"
EndProject
Project("{FAE04EC0-301F-11D3-BF4B-00C04F79EFBC}") = "ViewerGL", "AllViewers\ViewerGL\ViewerGL.csproj", "{E60891C4-0071-402D-A2BD-1E48EF09502A}"
EndProject
Project("{9A19103F-16F7-4668-BE54-9A1E7A4F7556}") = "ViewerCWGL", "AllViewers\ViewerCWGL\ViewerCWGL.csproj", "{9B1D160F-C5C5-4821-9D43-86E1448B221D}"
EndProject
Project("{9A19103F-16F7-4668-BE54-9A1E7A4F7556}") = "ViewerCGL", "AllViewers\ViewerCGL\ViewerCGL.csproj", "{3DCAA134-BD1A-42B4-98FF-323A345E4748}"
EndProject
Project("{2150E333-8FDC-42A3-9474-1A3956D46DE8}") = "_TestProjects", "_TestProjects", "{D0DEC19A-8F03-40AF-AE6D-DA6CC655DA7A}"
EndProject
Project("{2150E333-8FDC-42A3-9474-1A3956D46DE8}") = "Delaunator", "Delaunator", "{00470AB0-3B9C-4D1E-9BE9-2DE7B1686AAD}"
EndProject
Project("{9A19103F-16F7-4668-BE54-9A1E7A4F7556}") = "DelaunatorSharp", "_ExternalLibraries\Delaunator\DelaunatorSharp\DelaunatorSharp.csproj", "{40FB9507-C5F0-4C6B-9624-CE1FB3E06A40}"
EndProject
Project("{9A19103F-16F7-4668-BE54-9A1E7A4F7556}") = "DelaunatorSharp.Benchmark", "_ExternalLibraries\Delaunator\DelaunatorSharp.Benchmark\DelaunatorSharp.Benchmark.csproj", "{994750C7-399A-4606-901F-BCE586EA305A}"
EndProject
Project("{FAE04EC0-301F-11D3-BF4B-00C04F79EFBC}") = "DelaunatorSharp.WPF", "_ExternalLibraries\Delaunator\DelaunatorSharp.WPF\DelaunatorSharp.WPF.csproj", "{A8C191DB-3C69-4847-B57A-1524D13C1A30}"
EndProject
Project("{FAE04EC0-301F-11D3-BF4B-00C04F79EFBC}") = "DelaunayGenerator", "Mesh\DelaunayGenerator\DelaunayGenerator.csproj", "{A1A7ADFB-F3E8-4361-9614-9BB96E54B8BA}"
EndProject
Project("{FAE04EC0-301F-11D3-BF4B-00C04F79EFBC}") = "TestDelaunayGenerator", "_TestProjects\TestDelaunayGenerator\TestDelaunayGenerator.csproj", "{E20295B2-040F-406C-86B0-7C8F1C1A7FDF}"
EndProject
Project("{2150E333-8FDC-42A3-9474-1A3956D46DE8}") = "Элементы решения", "Элементы решения", "{3A42A8E8-0851-4A71-AB0F-31AD5D276F7A}"
	ProjectSection(SolutionItems) = preProject
		README.md = README.md
	EndProjectSection
EndProject
Global
	GlobalSection(SolutionConfigurationPlatforms) = preSolution
		Debug|Any CPU = Debug|Any CPU
		Debug|x64 = Debug|x64
		Debug|x86 = Debug|x86
		Release|Any CPU = Release|Any CPU
		Release|x64 = Release|x64
		Release|x86 = Release|x86
	EndGlobalSection
	GlobalSection(ProjectConfigurationPlatforms) = postSolution
		{A387740F-C4F9-44F3-AFA8-0B55EA4487FA}.Debug|Any CPU.ActiveCfg = Debug|Any CPU
		{A387740F-C4F9-44F3-AFA8-0B55EA4487FA}.Debug|Any CPU.Build.0 = Debug|Any CPU
		{A387740F-C4F9-44F3-AFA8-0B55EA4487FA}.Debug|x64.ActiveCfg = Debug|Any CPU
		{A387740F-C4F9-44F3-AFA8-0B55EA4487FA}.Debug|x64.Build.0 = Debug|Any CPU
		{A387740F-C4F9-44F3-AFA8-0B55EA4487FA}.Debug|x86.ActiveCfg = Debug|Any CPU
		{A387740F-C4F9-44F3-AFA8-0B55EA4487FA}.Debug|x86.Build.0 = Debug|Any CPU
		{A387740F-C4F9-44F3-AFA8-0B55EA4487FA}.Release|Any CPU.ActiveCfg = Release|Any CPU
		{A387740F-C4F9-44F3-AFA8-0B55EA4487FA}.Release|Any CPU.Build.0 = Release|Any CPU
		{A387740F-C4F9-44F3-AFA8-0B55EA4487FA}.Release|x64.ActiveCfg = Release|Any CPU
		{A387740F-C4F9-44F3-AFA8-0B55EA4487FA}.Release|x64.Build.0 = Release|Any CPU
		{A387740F-C4F9-44F3-AFA8-0B55EA4487FA}.Release|x86.ActiveCfg = Release|Any CPU
		{A387740F-C4F9-44F3-AFA8-0B55EA4487FA}.Release|x86.Build.0 = Release|Any CPU
		{CB805006-1B1B-412B-9FDE-4C8E8AD7CE13}.Debug|Any CPU.ActiveCfg = Debug|Any CPU
		{CB805006-1B1B-412B-9FDE-4C8E8AD7CE13}.Debug|Any CPU.Build.0 = Debug|Any CPU
		{CB805006-1B1B-412B-9FDE-4C8E8AD7CE13}.Debug|x64.ActiveCfg = Debug|Any CPU
		{CB805006-1B1B-412B-9FDE-4C8E8AD7CE13}.Debug|x64.Build.0 = Debug|Any CPU
		{CB805006-1B1B-412B-9FDE-4C8E8AD7CE13}.Debug|x86.ActiveCfg = Debug|Any CPU
		{CB805006-1B1B-412B-9FDE-4C8E8AD7CE13}.Debug|x86.Build.0 = Debug|Any CPU
		{CB805006-1B1B-412B-9FDE-4C8E8AD7CE13}.Release|Any CPU.ActiveCfg = Release|Any CPU
		{CB805006-1B1B-412B-9FDE-4C8E8AD7CE13}.Release|Any CPU.Build.0 = Release|Any CPU
		{CB805006-1B1B-412B-9FDE-4C8E8AD7CE13}.Release|x64.ActiveCfg = Release|Any CPU
		{CB805006-1B1B-412B-9FDE-4C8E8AD7CE13}.Release|x64.Build.0 = Release|Any CPU
		{CB805006-1B1B-412B-9FDE-4C8E8AD7CE13}.Release|x86.ActiveCfg = Release|Any CPU
		{CB805006-1B1B-412B-9FDE-4C8E8AD7CE13}.Release|x86.Build.0 = Release|Any CPU
		{4D84C29A-57F3-44D0-9520-0294DC35763E}.Debug|Any CPU.ActiveCfg = Debug|Any CPU
		{4D84C29A-57F3-44D0-9520-0294DC35763E}.Debug|Any CPU.Build.0 = Debug|Any CPU
		{4D84C29A-57F3-44D0-9520-0294DC35763E}.Debug|x64.ActiveCfg = Debug|Any CPU
		{4D84C29A-57F3-44D0-9520-0294DC35763E}.Debug|x64.Build.0 = Debug|Any CPU
		{4D84C29A-57F3-44D0-9520-0294DC35763E}.Debug|x86.ActiveCfg = Debug|Any CPU
		{4D84C29A-57F3-44D0-9520-0294DC35763E}.Debug|x86.Build.0 = Debug|Any CPU
		{4D84C29A-57F3-44D0-9520-0294DC35763E}.Release|Any CPU.ActiveCfg = Release|Any CPU
		{4D84C29A-57F3-44D0-9520-0294DC35763E}.Release|Any CPU.Build.0 = Release|Any CPU
		{4D84C29A-57F3-44D0-9520-0294DC35763E}.Release|x64.ActiveCfg = Release|Any CPU
		{4D84C29A-57F3-44D0-9520-0294DC35763E}.Release|x64.Build.0 = Release|Any CPU
		{4D84C29A-57F3-44D0-9520-0294DC35763E}.Release|x86.ActiveCfg = Release|Any CPU
		{4D84C29A-57F3-44D0-9520-0294DC35763E}.Release|x86.Build.0 = Release|Any CPU
		{B8062E08-76AC-4EC2-A7AA-2D7A4C601351}.Debug|Any CPU.ActiveCfg = Debug|Any CPU
		{B8062E08-76AC-4EC2-A7AA-2D7A4C601351}.Debug|Any CPU.Build.0 = Debug|Any CPU
		{B8062E08-76AC-4EC2-A7AA-2D7A4C601351}.Debug|x64.ActiveCfg = Debug|Any CPU
		{B8062E08-76AC-4EC2-A7AA-2D7A4C601351}.Debug|x64.Build.0 = Debug|Any CPU
		{B8062E08-76AC-4EC2-A7AA-2D7A4C601351}.Debug|x86.ActiveCfg = Debug|Any CPU
		{B8062E08-76AC-4EC2-A7AA-2D7A4C601351}.Debug|x86.Build.0 = Debug|Any CPU
		{B8062E08-76AC-4EC2-A7AA-2D7A4C601351}.Release|Any CPU.ActiveCfg = Release|Any CPU
		{B8062E08-76AC-4EC2-A7AA-2D7A4C601351}.Release|Any CPU.Build.0 = Release|Any CPU
		{B8062E08-76AC-4EC2-A7AA-2D7A4C601351}.Release|x64.ActiveCfg = Release|Any CPU
		{B8062E08-76AC-4EC2-A7AA-2D7A4C601351}.Release|x64.Build.0 = Release|Any CPU
		{B8062E08-76AC-4EC2-A7AA-2D7A4C601351}.Release|x86.ActiveCfg = Release|Any CPU
		{B8062E08-76AC-4EC2-A7AA-2D7A4C601351}.Release|x86.Build.0 = Release|Any CPU
		{2E2053D5-A41D-487F-8B7B-12F8673EDF65}.Debug|Any CPU.ActiveCfg = Debug|Any CPU
		{2E2053D5-A41D-487F-8B7B-12F8673EDF65}.Debug|Any CPU.Build.0 = Debug|Any CPU
		{2E2053D5-A41D-487F-8B7B-12F8673EDF65}.Debug|x64.ActiveCfg = Debug|Any CPU
		{2E2053D5-A41D-487F-8B7B-12F8673EDF65}.Debug|x64.Build.0 = Debug|Any CPU
		{2E2053D5-A41D-487F-8B7B-12F8673EDF65}.Debug|x86.ActiveCfg = Debug|Any CPU
		{2E2053D5-A41D-487F-8B7B-12F8673EDF65}.Debug|x86.Build.0 = Debug|Any CPU
		{2E2053D5-A41D-487F-8B7B-12F8673EDF65}.Release|Any CPU.ActiveCfg = Release|Any CPU
		{2E2053D5-A41D-487F-8B7B-12F8673EDF65}.Release|Any CPU.Build.0 = Release|Any CPU
		{2E2053D5-A41D-487F-8B7B-12F8673EDF65}.Release|x64.ActiveCfg = Release|Any CPU
		{2E2053D5-A41D-487F-8B7B-12F8673EDF65}.Release|x64.Build.0 = Release|Any CPU
		{2E2053D5-A41D-487F-8B7B-12F8673EDF65}.Release|x86.ActiveCfg = Release|Any CPU
		{2E2053D5-A41D-487F-8B7B-12F8673EDF65}.Release|x86.Build.0 = Release|Any CPU
		{0D7AA6FB-B70D-4FF1-9A05-12E3DD485AC4}.Debug|Any CPU.ActiveCfg = Debug|Any CPU
		{0D7AA6FB-B70D-4FF1-9A05-12E3DD485AC4}.Debug|Any CPU.Build.0 = Debug|Any CPU
		{0D7AA6FB-B70D-4FF1-9A05-12E3DD485AC4}.Debug|x64.ActiveCfg = Debug|Any CPU
		{0D7AA6FB-B70D-4FF1-9A05-12E3DD485AC4}.Debug|x64.Build.0 = Debug|Any CPU
		{0D7AA6FB-B70D-4FF1-9A05-12E3DD485AC4}.Debug|x86.ActiveCfg = Debug|Any CPU
		{0D7AA6FB-B70D-4FF1-9A05-12E3DD485AC4}.Debug|x86.Build.0 = Debug|Any CPU
		{0D7AA6FB-B70D-4FF1-9A05-12E3DD485AC4}.Release|Any CPU.ActiveCfg = Release|Any CPU
		{0D7AA6FB-B70D-4FF1-9A05-12E3DD485AC4}.Release|Any CPU.Build.0 = Release|Any CPU
		{0D7AA6FB-B70D-4FF1-9A05-12E3DD485AC4}.Release|x64.ActiveCfg = Release|Any CPU
		{0D7AA6FB-B70D-4FF1-9A05-12E3DD485AC4}.Release|x64.Build.0 = Release|Any CPU
		{0D7AA6FB-B70D-4FF1-9A05-12E3DD485AC4}.Release|x86.ActiveCfg = Release|Any CPU
		{0D7AA6FB-B70D-4FF1-9A05-12E3DD485AC4}.Release|x86.Build.0 = Release|Any CPU
		{41022E0E-BD0F-439E-BC3A-AABB1B43471B}.Debug|Any CPU.ActiveCfg = Debug|Any CPU
		{41022E0E-BD0F-439E-BC3A-AABB1B43471B}.Debug|Any CPU.Build.0 = Debug|Any CPU
		{41022E0E-BD0F-439E-BC3A-AABB1B43471B}.Debug|x64.ActiveCfg = Debug|Any CPU
		{41022E0E-BD0F-439E-BC3A-AABB1B43471B}.Debug|x64.Build.0 = Debug|Any CPU
		{41022E0E-BD0F-439E-BC3A-AABB1B43471B}.Debug|x86.ActiveCfg = Debug|Any CPU
		{41022E0E-BD0F-439E-BC3A-AABB1B43471B}.Debug|x86.Build.0 = Debug|Any CPU
		{41022E0E-BD0F-439E-BC3A-AABB1B43471B}.Release|Any CPU.ActiveCfg = Release|Any CPU
		{41022E0E-BD0F-439E-BC3A-AABB1B43471B}.Release|Any CPU.Build.0 = Release|Any CPU
		{41022E0E-BD0F-439E-BC3A-AABB1B43471B}.Release|x64.ActiveCfg = Release|Any CPU
		{41022E0E-BD0F-439E-BC3A-AABB1B43471B}.Release|x64.Build.0 = Release|Any CPU
		{41022E0E-BD0F-439E-BC3A-AABB1B43471B}.Release|x86.ActiveCfg = Release|Any CPU
		{41022E0E-BD0F-439E-BC3A-AABB1B43471B}.Release|x86.Build.0 = Release|Any CPU
		{AD37DA98-33B1-448E-9104-6E77B61E84F3}.Debug|Any CPU.ActiveCfg = Debug|Any CPU
		{AD37DA98-33B1-448E-9104-6E77B61E84F3}.Debug|Any CPU.Build.0 = Debug|Any CPU
		{AD37DA98-33B1-448E-9104-6E77B61E84F3}.Debug|x64.ActiveCfg = Debug|Any CPU
		{AD37DA98-33B1-448E-9104-6E77B61E84F3}.Debug|x64.Build.0 = Debug|Any CPU
		{AD37DA98-33B1-448E-9104-6E77B61E84F3}.Debug|x86.ActiveCfg = Debug|Any CPU
		{AD37DA98-33B1-448E-9104-6E77B61E84F3}.Debug|x86.Build.0 = Debug|Any CPU
		{AD37DA98-33B1-448E-9104-6E77B61E84F3}.Release|Any CPU.ActiveCfg = Release|Any CPU
		{AD37DA98-33B1-448E-9104-6E77B61E84F3}.Release|Any CPU.Build.0 = Release|Any CPU
		{AD37DA98-33B1-448E-9104-6E77B61E84F3}.Release|x64.ActiveCfg = Release|Any CPU
		{AD37DA98-33B1-448E-9104-6E77B61E84F3}.Release|x64.Build.0 = Release|Any CPU
		{AD37DA98-33B1-448E-9104-6E77B61E84F3}.Release|x86.ActiveCfg = Release|Any CPU
		{AD37DA98-33B1-448E-9104-6E77B61E84F3}.Release|x86.Build.0 = Release|Any CPU
		{336AAF8A-5316-4303-9E73-5E38BD0B28AF}.Debug|Any CPU.ActiveCfg = Debug|x86
		{336AAF8A-5316-4303-9E73-5E38BD0B28AF}.Debug|Any CPU.Build.0 = Debug|x86
		{336AAF8A-5316-4303-9E73-5E38BD0B28AF}.Debug|x64.ActiveCfg = Debug|x86
		{336AAF8A-5316-4303-9E73-5E38BD0B28AF}.Debug|x64.Build.0 = Debug|x86
		{336AAF8A-5316-4303-9E73-5E38BD0B28AF}.Debug|x86.ActiveCfg = Debug|x86
		{336AAF8A-5316-4303-9E73-5E38BD0B28AF}.Debug|x86.Build.0 = Debug|x86
		{336AAF8A-5316-4303-9E73-5E38BD0B28AF}.Release|Any CPU.ActiveCfg = Release|x86
		{336AAF8A-5316-4303-9E73-5E38BD0B28AF}.Release|Any CPU.Build.0 = Release|x86
		{336AAF8A-5316-4303-9E73-5E38BD0B28AF}.Release|x64.ActiveCfg = Release|x86
		{336AAF8A-5316-4303-9E73-5E38BD0B28AF}.Release|x64.Build.0 = Release|x86
		{336AAF8A-5316-4303-9E73-5E38BD0B28AF}.Release|x86.ActiveCfg = Release|x86
		{336AAF8A-5316-4303-9E73-5E38BD0B28AF}.Release|x86.Build.0 = Release|x86
		{EC2D084D-90D5-4076-BE3B-FC4BE0468AC3}.Debug|Any CPU.ActiveCfg = Debug|Any CPU
		{EC2D084D-90D5-4076-BE3B-FC4BE0468AC3}.Debug|Any CPU.Build.0 = Debug|Any CPU
		{EC2D084D-90D5-4076-BE3B-FC4BE0468AC3}.Debug|x64.ActiveCfg = Debug|Any CPU
		{EC2D084D-90D5-4076-BE3B-FC4BE0468AC3}.Debug|x64.Build.0 = Debug|Any CPU
		{EC2D084D-90D5-4076-BE3B-FC4BE0468AC3}.Debug|x86.ActiveCfg = Debug|Any CPU
		{EC2D084D-90D5-4076-BE3B-FC4BE0468AC3}.Debug|x86.Build.0 = Debug|Any CPU
		{EC2D084D-90D5-4076-BE3B-FC4BE0468AC3}.Release|Any CPU.ActiveCfg = Release|Any CPU
		{EC2D084D-90D5-4076-BE3B-FC4BE0468AC3}.Release|Any CPU.Build.0 = Release|Any CPU
		{EC2D084D-90D5-4076-BE3B-FC4BE0468AC3}.Release|x64.ActiveCfg = Release|Any CPU
		{EC2D084D-90D5-4076-BE3B-FC4BE0468AC3}.Release|x64.Build.0 = Release|Any CPU
		{EC2D084D-90D5-4076-BE3B-FC4BE0468AC3}.Release|x86.ActiveCfg = Release|Any CPU
		{EC2D084D-90D5-4076-BE3B-FC4BE0468AC3}.Release|x86.Build.0 = Release|Any CPU
		{4B247C36-AE82-436E-B36B-5337A75BB758}.Debug|Any CPU.ActiveCfg = Debug|Any CPU
		{4B247C36-AE82-436E-B36B-5337A75BB758}.Debug|Any CPU.Build.0 = Debug|Any CPU
		{4B247C36-AE82-436E-B36B-5337A75BB758}.Debug|x64.ActiveCfg = Debug|Any CPU
		{4B247C36-AE82-436E-B36B-5337A75BB758}.Debug|x64.Build.0 = Debug|Any CPU
		{4B247C36-AE82-436E-B36B-5337A75BB758}.Debug|x86.ActiveCfg = Debug|Any CPU
		{4B247C36-AE82-436E-B36B-5337A75BB758}.Debug|x86.Build.0 = Debug|Any CPU
		{4B247C36-AE82-436E-B36B-5337A75BB758}.Release|Any CPU.ActiveCfg = Release|Any CPU
		{4B247C36-AE82-436E-B36B-5337A75BB758}.Release|Any CPU.Build.0 = Release|Any CPU
		{4B247C36-AE82-436E-B36B-5337A75BB758}.Release|x64.ActiveCfg = Release|Any CPU
		{4B247C36-AE82-436E-B36B-5337A75BB758}.Release|x64.Build.0 = Release|Any CPU
		{4B247C36-AE82-436E-B36B-5337A75BB758}.Release|x86.ActiveCfg = Release|Any CPU
		{4B247C36-AE82-436E-B36B-5337A75BB758}.Release|x86.Build.0 = Release|Any CPU
		{48885E8C-19EB-4408-8A06-3792586EF500}.Debug|Any CPU.ActiveCfg = Debug|Any CPU
		{48885E8C-19EB-4408-8A06-3792586EF500}.Debug|Any CPU.Build.0 = Debug|Any CPU
		{48885E8C-19EB-4408-8A06-3792586EF500}.Debug|x64.ActiveCfg = Debug|Any CPU
		{48885E8C-19EB-4408-8A06-3792586EF500}.Debug|x64.Build.0 = Debug|Any CPU
		{48885E8C-19EB-4408-8A06-3792586EF500}.Debug|x86.ActiveCfg = Debug|Any CPU
		{48885E8C-19EB-4408-8A06-3792586EF500}.Debug|x86.Build.0 = Debug|Any CPU
		{48885E8C-19EB-4408-8A06-3792586EF500}.Release|Any CPU.ActiveCfg = Release|Any CPU
		{48885E8C-19EB-4408-8A06-3792586EF500}.Release|Any CPU.Build.0 = Release|Any CPU
		{48885E8C-19EB-4408-8A06-3792586EF500}.Release|x64.ActiveCfg = Release|Any CPU
		{48885E8C-19EB-4408-8A06-3792586EF500}.Release|x64.Build.0 = Release|Any CPU
		{48885E8C-19EB-4408-8A06-3792586EF500}.Release|x86.ActiveCfg = Release|Any CPU
		{48885E8C-19EB-4408-8A06-3792586EF500}.Release|x86.Build.0 = Release|Any CPU
		{FBE96176-C491-46B8-82C7-A4630B43A080}.Debug|Any CPU.ActiveCfg = Debug|Any CPU
		{FBE96176-C491-46B8-82C7-A4630B43A080}.Debug|Any CPU.Build.0 = Debug|Any CPU
		{FBE96176-C491-46B8-82C7-A4630B43A080}.Debug|x64.ActiveCfg = Debug|Any CPU
		{FBE96176-C491-46B8-82C7-A4630B43A080}.Debug|x64.Build.0 = Debug|Any CPU
		{FBE96176-C491-46B8-82C7-A4630B43A080}.Debug|x86.ActiveCfg = Debug|Any CPU
		{FBE96176-C491-46B8-82C7-A4630B43A080}.Debug|x86.Build.0 = Debug|Any CPU
		{FBE96176-C491-46B8-82C7-A4630B43A080}.Release|Any CPU.ActiveCfg = Release|Any CPU
		{FBE96176-C491-46B8-82C7-A4630B43A080}.Release|Any CPU.Build.0 = Release|Any CPU
		{FBE96176-C491-46B8-82C7-A4630B43A080}.Release|x64.ActiveCfg = Release|Any CPU
		{FBE96176-C491-46B8-82C7-A4630B43A080}.Release|x64.Build.0 = Release|Any CPU
		{FBE96176-C491-46B8-82C7-A4630B43A080}.Release|x86.ActiveCfg = Release|Any CPU
		{FBE96176-C491-46B8-82C7-A4630B43A080}.Release|x86.Build.0 = Release|Any CPU
		{A1B34F19-EFE0-482B-B92C-7C699FF27799}.Debug|Any CPU.ActiveCfg = Debug|Any CPU
		{A1B34F19-EFE0-482B-B92C-7C699FF27799}.Debug|Any CPU.Build.0 = Debug|Any CPU
		{A1B34F19-EFE0-482B-B92C-7C699FF27799}.Debug|x64.ActiveCfg = Debug|Any CPU
		{A1B34F19-EFE0-482B-B92C-7C699FF27799}.Debug|x64.Build.0 = Debug|Any CPU
		{A1B34F19-EFE0-482B-B92C-7C699FF27799}.Debug|x86.ActiveCfg = Debug|Any CPU
		{A1B34F19-EFE0-482B-B92C-7C699FF27799}.Debug|x86.Build.0 = Debug|Any CPU
		{A1B34F19-EFE0-482B-B92C-7C699FF27799}.Release|Any CPU.ActiveCfg = Release|Any CPU
		{A1B34F19-EFE0-482B-B92C-7C699FF27799}.Release|Any CPU.Build.0 = Release|Any CPU
		{A1B34F19-EFE0-482B-B92C-7C699FF27799}.Release|x64.ActiveCfg = Release|Any CPU
		{A1B34F19-EFE0-482B-B92C-7C699FF27799}.Release|x64.Build.0 = Release|Any CPU
		{A1B34F19-EFE0-482B-B92C-7C699FF27799}.Release|x86.ActiveCfg = Release|Any CPU
		{A1B34F19-EFE0-482B-B92C-7C699FF27799}.Release|x86.Build.0 = Release|Any CPU
		{76AD3644-CA80-464A-85CE-D91372D05932}.Debug|Any CPU.ActiveCfg = Debug|Any CPU
		{76AD3644-CA80-464A-85CE-D91372D05932}.Debug|Any CPU.Build.0 = Debug|Any CPU
		{76AD3644-CA80-464A-85CE-D91372D05932}.Debug|x64.ActiveCfg = Debug|Any CPU
		{76AD3644-CA80-464A-85CE-D91372D05932}.Debug|x64.Build.0 = Debug|Any CPU
		{76AD3644-CA80-464A-85CE-D91372D05932}.Debug|x86.ActiveCfg = Debug|Any CPU
		{76AD3644-CA80-464A-85CE-D91372D05932}.Debug|x86.Build.0 = Debug|Any CPU
		{76AD3644-CA80-464A-85CE-D91372D05932}.Release|Any CPU.ActiveCfg = Release|Any CPU
		{76AD3644-CA80-464A-85CE-D91372D05932}.Release|Any CPU.Build.0 = Release|Any CPU
		{76AD3644-CA80-464A-85CE-D91372D05932}.Release|x64.ActiveCfg = Release|Any CPU
		{76AD3644-CA80-464A-85CE-D91372D05932}.Release|x64.Build.0 = Release|Any CPU
		{76AD3644-CA80-464A-85CE-D91372D05932}.Release|x86.ActiveCfg = Release|Any CPU
		{76AD3644-CA80-464A-85CE-D91372D05932}.Release|x86.Build.0 = Release|Any CPU
		{E56075DE-6BC7-4FC5-8354-8ADEE1D3F8A0}.Debug|Any CPU.ActiveCfg = Debug|Any CPU
		{E56075DE-6BC7-4FC5-8354-8ADEE1D3F8A0}.Debug|Any CPU.Build.0 = Debug|Any CPU
		{E56075DE-6BC7-4FC5-8354-8ADEE1D3F8A0}.Debug|x64.ActiveCfg = Debug|Any CPU
		{E56075DE-6BC7-4FC5-8354-8ADEE1D3F8A0}.Debug|x64.Build.0 = Debug|Any CPU
		{E56075DE-6BC7-4FC5-8354-8ADEE1D3F8A0}.Debug|x86.ActiveCfg = Debug|Any CPU
		{E56075DE-6BC7-4FC5-8354-8ADEE1D3F8A0}.Debug|x86.Build.0 = Debug|Any CPU
		{E56075DE-6BC7-4FC5-8354-8ADEE1D3F8A0}.Release|Any CPU.ActiveCfg = Release|Any CPU
		{E56075DE-6BC7-4FC5-8354-8ADEE1D3F8A0}.Release|Any CPU.Build.0 = Release|Any CPU
		{E56075DE-6BC7-4FC5-8354-8ADEE1D3F8A0}.Release|x64.ActiveCfg = Release|Any CPU
		{E56075DE-6BC7-4FC5-8354-8ADEE1D3F8A0}.Release|x64.Build.0 = Release|Any CPU
		{E56075DE-6BC7-4FC5-8354-8ADEE1D3F8A0}.Release|x86.ActiveCfg = Release|Any CPU
		{E56075DE-6BC7-4FC5-8354-8ADEE1D3F8A0}.Release|x86.Build.0 = Release|Any CPU
		{A7D773F8-AEE5-4011-9292-6DE58BDC448D}.Debug|Any CPU.ActiveCfg = Debug|Any CPU
		{A7D773F8-AEE5-4011-9292-6DE58BDC448D}.Debug|Any CPU.Build.0 = Debug|Any CPU
		{A7D773F8-AEE5-4011-9292-6DE58BDC448D}.Debug|x64.ActiveCfg = Debug|Any CPU
		{A7D773F8-AEE5-4011-9292-6DE58BDC448D}.Debug|x64.Build.0 = Debug|Any CPU
		{A7D773F8-AEE5-4011-9292-6DE58BDC448D}.Debug|x86.ActiveCfg = Debug|Any CPU
		{A7D773F8-AEE5-4011-9292-6DE58BDC448D}.Debug|x86.Build.0 = Debug|Any CPU
		{A7D773F8-AEE5-4011-9292-6DE58BDC448D}.Release|Any CPU.ActiveCfg = Release|Any CPU
		{A7D773F8-AEE5-4011-9292-6DE58BDC448D}.Release|Any CPU.Build.0 = Release|Any CPU
		{A7D773F8-AEE5-4011-9292-6DE58BDC448D}.Release|x64.ActiveCfg = Release|Any CPU
		{A7D773F8-AEE5-4011-9292-6DE58BDC448D}.Release|x64.Build.0 = Release|Any CPU
		{A7D773F8-AEE5-4011-9292-6DE58BDC448D}.Release|x86.ActiveCfg = Release|Any CPU
		{A7D773F8-AEE5-4011-9292-6DE58BDC448D}.Release|x86.Build.0 = Release|Any CPU
		{3330D65D-E283-47A3-B43C-CE8C4EB2B201}.Debug|Any CPU.ActiveCfg = Debug|Any CPU
		{3330D65D-E283-47A3-B43C-CE8C4EB2B201}.Debug|Any CPU.Build.0 = Debug|Any CPU
		{3330D65D-E283-47A3-B43C-CE8C4EB2B201}.Debug|x64.ActiveCfg = Debug|Any CPU
		{3330D65D-E283-47A3-B43C-CE8C4EB2B201}.Debug|x64.Build.0 = Debug|Any CPU
		{3330D65D-E283-47A3-B43C-CE8C4EB2B201}.Debug|x86.ActiveCfg = Debug|Any CPU
		{3330D65D-E283-47A3-B43C-CE8C4EB2B201}.Debug|x86.Build.0 = Debug|Any CPU
		{3330D65D-E283-47A3-B43C-CE8C4EB2B201}.Release|Any CPU.ActiveCfg = Release|Any CPU
		{3330D65D-E283-47A3-B43C-CE8C4EB2B201}.Release|Any CPU.Build.0 = Release|Any CPU
		{3330D65D-E283-47A3-B43C-CE8C4EB2B201}.Release|x64.ActiveCfg = Release|Any CPU
		{3330D65D-E283-47A3-B43C-CE8C4EB2B201}.Release|x64.Build.0 = Release|Any CPU
		{3330D65D-E283-47A3-B43C-CE8C4EB2B201}.Release|x86.ActiveCfg = Release|Any CPU
		{3330D65D-E283-47A3-B43C-CE8C4EB2B201}.Release|x86.Build.0 = Release|Any CPU
		{61C636B0-6531-4A16-A8C8-71B2640ADB19}.Debug|Any CPU.ActiveCfg = Debug|Any CPU
		{61C636B0-6531-4A16-A8C8-71B2640ADB19}.Debug|Any CPU.Build.0 = Debug|Any CPU
		{61C636B0-6531-4A16-A8C8-71B2640ADB19}.Debug|x64.ActiveCfg = Debug|Any CPU
		{61C636B0-6531-4A16-A8C8-71B2640ADB19}.Debug|x64.Build.0 = Debug|Any CPU
		{61C636B0-6531-4A16-A8C8-71B2640ADB19}.Debug|x86.ActiveCfg = Debug|Any CPU
		{61C636B0-6531-4A16-A8C8-71B2640ADB19}.Debug|x86.Build.0 = Debug|Any CPU
		{61C636B0-6531-4A16-A8C8-71B2640ADB19}.Release|Any CPU.ActiveCfg = Release|Any CPU
		{61C636B0-6531-4A16-A8C8-71B2640ADB19}.Release|Any CPU.Build.0 = Release|Any CPU
		{61C636B0-6531-4A16-A8C8-71B2640ADB19}.Release|x64.ActiveCfg = Release|Any CPU
		{61C636B0-6531-4A16-A8C8-71B2640ADB19}.Release|x64.Build.0 = Release|Any CPU
		{61C636B0-6531-4A16-A8C8-71B2640ADB19}.Release|x86.ActiveCfg = Release|Any CPU
		{61C636B0-6531-4A16-A8C8-71B2640ADB19}.Release|x86.Build.0 = Release|Any CPU
		{754D1A25-333C-4BE5-B275-60B22F3E3CB8}.Debug|Any CPU.ActiveCfg = Debug|Any CPU
		{754D1A25-333C-4BE5-B275-60B22F3E3CB8}.Debug|Any CPU.Build.0 = Debug|Any CPU
		{754D1A25-333C-4BE5-B275-60B22F3E3CB8}.Debug|x64.ActiveCfg = Debug|Any CPU
		{754D1A25-333C-4BE5-B275-60B22F3E3CB8}.Debug|x64.Build.0 = Debug|Any CPU
		{754D1A25-333C-4BE5-B275-60B22F3E3CB8}.Debug|x86.ActiveCfg = Debug|Any CPU
		{754D1A25-333C-4BE5-B275-60B22F3E3CB8}.Debug|x86.Build.0 = Debug|Any CPU
		{754D1A25-333C-4BE5-B275-60B22F3E3CB8}.Release|Any CPU.ActiveCfg = Release|Any CPU
		{754D1A25-333C-4BE5-B275-60B22F3E3CB8}.Release|Any CPU.Build.0 = Release|Any CPU
		{754D1A25-333C-4BE5-B275-60B22F3E3CB8}.Release|x64.ActiveCfg = Release|Any CPU
		{754D1A25-333C-4BE5-B275-60B22F3E3CB8}.Release|x64.Build.0 = Release|Any CPU
		{754D1A25-333C-4BE5-B275-60B22F3E3CB8}.Release|x86.ActiveCfg = Release|Any CPU
		{754D1A25-333C-4BE5-B275-60B22F3E3CB8}.Release|x86.Build.0 = Release|Any CPU
		{F7186C61-3566-4A8E-BD73-C8530EBB0471}.Debug|Any CPU.ActiveCfg = Debug|Any CPU
		{F7186C61-3566-4A8E-BD73-C8530EBB0471}.Debug|Any CPU.Build.0 = Debug|Any CPU
		{F7186C61-3566-4A8E-BD73-C8530EBB0471}.Debug|x64.ActiveCfg = Debug|Any CPU
		{F7186C61-3566-4A8E-BD73-C8530EBB0471}.Debug|x64.Build.0 = Debug|Any CPU
		{F7186C61-3566-4A8E-BD73-C8530EBB0471}.Debug|x86.ActiveCfg = Debug|Any CPU
		{F7186C61-3566-4A8E-BD73-C8530EBB0471}.Debug|x86.Build.0 = Debug|Any CPU
		{F7186C61-3566-4A8E-BD73-C8530EBB0471}.Release|Any CPU.ActiveCfg = Release|Any CPU
		{F7186C61-3566-4A8E-BD73-C8530EBB0471}.Release|Any CPU.Build.0 = Release|Any CPU
		{F7186C61-3566-4A8E-BD73-C8530EBB0471}.Release|x64.ActiveCfg = Release|Any CPU
		{F7186C61-3566-4A8E-BD73-C8530EBB0471}.Release|x64.Build.0 = Release|Any CPU
		{F7186C61-3566-4A8E-BD73-C8530EBB0471}.Release|x86.ActiveCfg = Release|Any CPU
		{F7186C61-3566-4A8E-BD73-C8530EBB0471}.Release|x86.Build.0 = Release|Any CPU
		{E60891C4-0071-402D-A2BD-1E48EF09502A}.Debug|Any CPU.ActiveCfg = Debug|Any CPU
		{E60891C4-0071-402D-A2BD-1E48EF09502A}.Debug|Any CPU.Build.0 = Debug|Any CPU
		{E60891C4-0071-402D-A2BD-1E48EF09502A}.Debug|x64.ActiveCfg = Debug|Any CPU
		{E60891C4-0071-402D-A2BD-1E48EF09502A}.Debug|x64.Build.0 = Debug|Any CPU
		{E60891C4-0071-402D-A2BD-1E48EF09502A}.Debug|x86.ActiveCfg = Debug|Any CPU
		{E60891C4-0071-402D-A2BD-1E48EF09502A}.Debug|x86.Build.0 = Debug|Any CPU
		{E60891C4-0071-402D-A2BD-1E48EF09502A}.Release|Any CPU.ActiveCfg = Release|Any CPU
		{E60891C4-0071-402D-A2BD-1E48EF09502A}.Release|Any CPU.Build.0 = Release|Any CPU
		{E60891C4-0071-402D-A2BD-1E48EF09502A}.Release|x64.ActiveCfg = Release|Any CPU
		{E60891C4-0071-402D-A2BD-1E48EF09502A}.Release|x64.Build.0 = Release|Any CPU
		{E60891C4-0071-402D-A2BD-1E48EF09502A}.Release|x86.ActiveCfg = Release|Any CPU
		{E60891C4-0071-402D-A2BD-1E48EF09502A}.Release|x86.Build.0 = Release|Any CPU
		{9B1D160F-C5C5-4821-9D43-86E1448B221D}.Debug|Any CPU.ActiveCfg = Debug|Any CPU
		{9B1D160F-C5C5-4821-9D43-86E1448B221D}.Debug|Any CPU.Build.0 = Debug|Any CPU
		{9B1D160F-C5C5-4821-9D43-86E1448B221D}.Debug|x64.ActiveCfg = Debug|Any CPU
		{9B1D160F-C5C5-4821-9D43-86E1448B221D}.Debug|x64.Build.0 = Debug|Any CPU
		{9B1D160F-C5C5-4821-9D43-86E1448B221D}.Debug|x86.ActiveCfg = Debug|Any CPU
		{9B1D160F-C5C5-4821-9D43-86E1448B221D}.Debug|x86.Build.0 = Debug|Any CPU
		{9B1D160F-C5C5-4821-9D43-86E1448B221D}.Release|Any CPU.ActiveCfg = Release|Any CPU
		{9B1D160F-C5C5-4821-9D43-86E1448B221D}.Release|Any CPU.Build.0 = Release|Any CPU
		{9B1D160F-C5C5-4821-9D43-86E1448B221D}.Release|x64.ActiveCfg = Release|Any CPU
		{9B1D160F-C5C5-4821-9D43-86E1448B221D}.Release|x64.Build.0 = Release|Any CPU
		{9B1D160F-C5C5-4821-9D43-86E1448B221D}.Release|x86.ActiveCfg = Release|Any CPU
		{9B1D160F-C5C5-4821-9D43-86E1448B221D}.Release|x86.Build.0 = Release|Any CPU
		{3DCAA134-BD1A-42B4-98FF-323A345E4748}.Debug|Any CPU.ActiveCfg = Debug|Any CPU
		{3DCAA134-BD1A-42B4-98FF-323A345E4748}.Debug|Any CPU.Build.0 = Debug|Any CPU
		{3DCAA134-BD1A-42B4-98FF-323A345E4748}.Debug|x64.ActiveCfg = Debug|Any CPU
		{3DCAA134-BD1A-42B4-98FF-323A345E4748}.Debug|x64.Build.0 = Debug|Any CPU
		{3DCAA134-BD1A-42B4-98FF-323A345E4748}.Debug|x86.ActiveCfg = Debug|Any CPU
		{3DCAA134-BD1A-42B4-98FF-323A345E4748}.Debug|x86.Build.0 = Debug|Any CPU
		{3DCAA134-BD1A-42B4-98FF-323A345E4748}.Release|Any CPU.ActiveCfg = Release|Any CPU
		{3DCAA134-BD1A-42B4-98FF-323A345E4748}.Release|Any CPU.Build.0 = Release|Any CPU
		{3DCAA134-BD1A-42B4-98FF-323A345E4748}.Release|x64.ActiveCfg = Release|Any CPU
		{3DCAA134-BD1A-42B4-98FF-323A345E4748}.Release|x64.Build.0 = Release|Any CPU
		{3DCAA134-BD1A-42B4-98FF-323A345E4748}.Release|x86.ActiveCfg = Release|Any CPU
		{3DCAA134-BD1A-42B4-98FF-323A345E4748}.Release|x86.Build.0 = Release|Any CPU
		{40FB9507-C5F0-4C6B-9624-CE1FB3E06A40}.Debug|Any CPU.ActiveCfg = Debug|Any CPU
		{40FB9507-C5F0-4C6B-9624-CE1FB3E06A40}.Debug|Any CPU.Build.0 = Debug|Any CPU
		{40FB9507-C5F0-4C6B-9624-CE1FB3E06A40}.Debug|x64.ActiveCfg = Debug|Any CPU
		{40FB9507-C5F0-4C6B-9624-CE1FB3E06A40}.Debug|x64.Build.0 = Debug|Any CPU
		{40FB9507-C5F0-4C6B-9624-CE1FB3E06A40}.Debug|x86.ActiveCfg = Debug|Any CPU
		{40FB9507-C5F0-4C6B-9624-CE1FB3E06A40}.Debug|x86.Build.0 = Debug|Any CPU
		{40FB9507-C5F0-4C6B-9624-CE1FB3E06A40}.Release|Any CPU.ActiveCfg = Release|Any CPU
		{40FB9507-C5F0-4C6B-9624-CE1FB3E06A40}.Release|Any CPU.Build.0 = Release|Any CPU
		{40FB9507-C5F0-4C6B-9624-CE1FB3E06A40}.Release|x64.ActiveCfg = Release|Any CPU
		{40FB9507-C5F0-4C6B-9624-CE1FB3E06A40}.Release|x64.Build.0 = Release|Any CPU
		{40FB9507-C5F0-4C6B-9624-CE1FB3E06A40}.Release|x86.ActiveCfg = Release|Any CPU
		{40FB9507-C5F0-4C6B-9624-CE1FB3E06A40}.Release|x86.Build.0 = Release|Any CPU
		{994750C7-399A-4606-901F-BCE586EA305A}.Debug|Any CPU.ActiveCfg = Debug|Any CPU
		{994750C7-399A-4606-901F-BCE586EA305A}.Debug|Any CPU.Build.0 = Debug|Any CPU
		{994750C7-399A-4606-901F-BCE586EA305A}.Debug|x64.ActiveCfg = Debug|Any CPU
		{994750C7-399A-4606-901F-BCE586EA305A}.Debug|x64.Build.0 = Debug|Any CPU
		{994750C7-399A-4606-901F-BCE586EA305A}.Debug|x86.ActiveCfg = Debug|Any CPU
		{994750C7-399A-4606-901F-BCE586EA305A}.Debug|x86.Build.0 = Debug|Any CPU
		{994750C7-399A-4606-901F-BCE586EA305A}.Release|Any CPU.ActiveCfg = Release|Any CPU
		{994750C7-399A-4606-901F-BCE586EA305A}.Release|Any CPU.Build.0 = Release|Any CPU
		{994750C7-399A-4606-901F-BCE586EA305A}.Release|x64.ActiveCfg = Release|Any CPU
		{994750C7-399A-4606-901F-BCE586EA305A}.Release|x64.Build.0 = Release|Any CPU
		{994750C7-399A-4606-901F-BCE586EA305A}.Release|x86.ActiveCfg = Release|Any CPU
		{994750C7-399A-4606-901F-BCE586EA305A}.Release|x86.Build.0 = Release|Any CPU
		{A8C191DB-3C69-4847-B57A-1524D13C1A30}.Debug|Any CPU.ActiveCfg = Debug|Any CPU
		{A8C191DB-3C69-4847-B57A-1524D13C1A30}.Debug|Any CPU.Build.0 = Debug|Any CPU
		{A8C191DB-3C69-4847-B57A-1524D13C1A30}.Debug|x64.ActiveCfg = Debug|Any CPU
		{A8C191DB-3C69-4847-B57A-1524D13C1A30}.Debug|x64.Build.0 = Debug|Any CPU
		{A8C191DB-3C69-4847-B57A-1524D13C1A30}.Debug|x86.ActiveCfg = Debug|Any CPU
		{A8C191DB-3C69-4847-B57A-1524D13C1A30}.Debug|x86.Build.0 = Debug|Any CPU
		{A8C191DB-3C69-4847-B57A-1524D13C1A30}.Release|Any CPU.ActiveCfg = Release|Any CPU
		{A8C191DB-3C69-4847-B57A-1524D13C1A30}.Release|Any CPU.Build.0 = Release|Any CPU
		{A8C191DB-3C69-4847-B57A-1524D13C1A30}.Release|x64.ActiveCfg = Release|Any CPU
		{A8C191DB-3C69-4847-B57A-1524D13C1A30}.Release|x64.Build.0 = Release|Any CPU
		{A8C191DB-3C69-4847-B57A-1524D13C1A30}.Release|x86.ActiveCfg = Release|Any CPU
		{A8C191DB-3C69-4847-B57A-1524D13C1A30}.Release|x86.Build.0 = Release|Any CPU
		{A1A7ADFB-F3E8-4361-9614-9BB96E54B8BA}.Debug|Any CPU.ActiveCfg = Debug|Any CPU
		{A1A7ADFB-F3E8-4361-9614-9BB96E54B8BA}.Debug|Any CPU.Build.0 = Debug|Any CPU
		{A1A7ADFB-F3E8-4361-9614-9BB96E54B8BA}.Debug|x64.ActiveCfg = Debug|Any CPU
		{A1A7ADFB-F3E8-4361-9614-9BB96E54B8BA}.Debug|x64.Build.0 = Debug|Any CPU
		{A1A7ADFB-F3E8-4361-9614-9BB96E54B8BA}.Debug|x86.ActiveCfg = Debug|Any CPU
		{A1A7ADFB-F3E8-4361-9614-9BB96E54B8BA}.Debug|x86.Build.0 = Debug|Any CPU
		{A1A7ADFB-F3E8-4361-9614-9BB96E54B8BA}.Release|Any CPU.ActiveCfg = Release|Any CPU
		{A1A7ADFB-F3E8-4361-9614-9BB96E54B8BA}.Release|Any CPU.Build.0 = Release|Any CPU
		{A1A7ADFB-F3E8-4361-9614-9BB96E54B8BA}.Release|x64.ActiveCfg = Release|Any CPU
		{A1A7ADFB-F3E8-4361-9614-9BB96E54B8BA}.Release|x64.Build.0 = Release|Any CPU
		{A1A7ADFB-F3E8-4361-9614-9BB96E54B8BA}.Release|x86.ActiveCfg = Release|Any CPU
		{A1A7ADFB-F3E8-4361-9614-9BB96E54B8BA}.Release|x86.Build.0 = Release|Any CPU
		{E20295B2-040F-406C-86B0-7C8F1C1A7FDF}.Debug|Any CPU.ActiveCfg = Debug|Any CPU
		{E20295B2-040F-406C-86B0-7C8F1C1A7FDF}.Debug|Any CPU.Build.0 = Debug|Any CPU
		{E20295B2-040F-406C-86B0-7C8F1C1A7FDF}.Debug|x64.ActiveCfg = Debug|Any CPU
		{E20295B2-040F-406C-86B0-7C8F1C1A7FDF}.Debug|x64.Build.0 = Debug|Any CPU
		{E20295B2-040F-406C-86B0-7C8F1C1A7FDF}.Debug|x86.ActiveCfg = Debug|Any CPU
		{E20295B2-040F-406C-86B0-7C8F1C1A7FDF}.Debug|x86.Build.0 = Debug|Any CPU
		{E20295B2-040F-406C-86B0-7C8F1C1A7FDF}.Release|Any CPU.ActiveCfg = Release|Any CPU
		{E20295B2-040F-406C-86B0-7C8F1C1A7FDF}.Release|Any CPU.Build.0 = Release|Any CPU
		{E20295B2-040F-406C-86B0-7C8F1C1A7FDF}.Release|x64.ActiveCfg = Release|Any CPU
		{E20295B2-040F-406C-86B0-7C8F1C1A7FDF}.Release|x64.Build.0 = Release|Any CPU
		{E20295B2-040F-406C-86B0-7C8F1C1A7FDF}.Release|x86.ActiveCfg = Release|Any CPU
		{E20295B2-040F-406C-86B0-7C8F1C1A7FDF}.Release|x86.Build.0 = Release|Any CPU
	EndGlobalSection
	GlobalSection(SolutionProperties) = preSolution
		HideSolutionNode = FALSE
	EndGlobalSection
	GlobalSection(NestedProjects) = preSolution
		{B8062E08-76AC-4EC2-A7AA-2D7A4C601351} = {E191458F-D24A-4C05-A691-3B56BFDAD642}
		{2E2053D5-A41D-487F-8B7B-12F8673EDF65} = {E191458F-D24A-4C05-A691-3B56BFDAD642}
		{0D7AA6FB-B70D-4FF1-9A05-12E3DD485AC4} = {0262F735-553A-490C-929E-C2BF3B6C29C7}
		{172AAD6F-CD9D-4D04-8739-D4588991BA34} = {0262F735-553A-490C-929E-C2BF3B6C29C7}
		{41022E0E-BD0F-439E-BC3A-AABB1B43471B} = {172AAD6F-CD9D-4D04-8739-D4588991BA34}
		{AD37DA98-33B1-448E-9104-6E77B61E84F3} = {172AAD6F-CD9D-4D04-8739-D4588991BA34}
		{336AAF8A-5316-4303-9E73-5E38BD0B28AF} = {172AAD6F-CD9D-4D04-8739-D4588991BA34}
		{EC2D084D-90D5-4076-BE3B-FC4BE0468AC3} = {E191458F-D24A-4C05-A691-3B56BFDAD642}
		{33346A76-74E6-42D4-82A6-2436AF9ADE16} = {0262F735-553A-490C-929E-C2BF3B6C29C7}
		{E783DEED-743F-4A0F-8BEB-3BB144651016} = {0262F735-553A-490C-929E-C2BF3B6C29C7}
		{4B247C36-AE82-436E-B36B-5337A75BB758} = {33346A76-74E6-42D4-82A6-2436AF9ADE16}
		{48885E8C-19EB-4408-8A06-3792586EF500} = {33346A76-74E6-42D4-82A6-2436AF9ADE16}
		{FBE96176-C491-46B8-82C7-A4630B43A080} = {33346A76-74E6-42D4-82A6-2436AF9ADE16}
		{A1B34F19-EFE0-482B-B92C-7C699FF27799} = {33346A76-74E6-42D4-82A6-2436AF9ADE16}
		{76AD3644-CA80-464A-85CE-D91372D05932} = {E783DEED-743F-4A0F-8BEB-3BB144651016}
		{E56075DE-6BC7-4FC5-8354-8ADEE1D3F8A0} = {E783DEED-743F-4A0F-8BEB-3BB144651016}
		{A7D773F8-AEE5-4011-9292-6DE58BDC448D} = {E783DEED-743F-4A0F-8BEB-3BB144651016}
		{61C636B0-6531-4A16-A8C8-71B2640ADB19} = {CCD648B7-9E61-4F4C-BB93-15D3E2A1382C}
		{754D1A25-333C-4BE5-B275-60B22F3E3CB8} = {CCD648B7-9E61-4F4C-BB93-15D3E2A1382C}
		{F7186C61-3566-4A8E-BD73-C8530EBB0471} = {EA6B3C39-29A7-4E64-9EA0-59E6A853E411}
		{E60891C4-0071-402D-A2BD-1E48EF09502A} = {EA6B3C39-29A7-4E64-9EA0-59E6A853E411}
		{9B1D160F-C5C5-4821-9D43-86E1448B221D} = {EA6B3C39-29A7-4E64-9EA0-59E6A853E411}
		{3DCAA134-BD1A-42B4-98FF-323A345E4748} = {EA6B3C39-29A7-4E64-9EA0-59E6A853E411}
		{00470AB0-3B9C-4D1E-9BE9-2DE7B1686AAD} = {0262F735-553A-490C-929E-C2BF3B6C29C7}
		{40FB9507-C5F0-4C6B-9624-CE1FB3E06A40} = {00470AB0-3B9C-4D1E-9BE9-2DE7B1686AAD}
		{994750C7-399A-4606-901F-BCE586EA305A} = {00470AB0-3B9C-4D1E-9BE9-2DE7B1686AAD}
		{A8C191DB-3C69-4847-B57A-1524D13C1A30} = {00470AB0-3B9C-4D1E-9BE9-2DE7B1686AAD}
		{A1A7ADFB-F3E8-4361-9614-9BB96E54B8BA} = {E191458F-D24A-4C05-A691-3B56BFDAD642}
		{E20295B2-040F-406C-86B0-7C8F1C1A7FDF} = {D0DEC19A-8F03-40AF-AE6D-DA6CC655DA7A}
	EndGlobalSection
	GlobalSection(ExtensibilityGlobals) = postSolution
		SolutionGuid = {FBB374A4-DC2B-47B1-B215-B1CAC88798F2}
	EndGlobalSection
EndGlobal
